
Microsoft Visual Studio Solution File, Format Version 12.00
Project("{FAE04EC0-301F-11D3-BF4B-00C04F79EFBC}") = "KundenWebSystem.Database", "KundenWebSystem.Database\KundenWebSystem.Database.csproj", "{A2DF34F3-B683-4D3C-9C03-E19271EC5ACC}"
EndProject
Project("{FAE04EC0-301F-11D3-BF4B-00C04F79EFBC}") = "KundenWebSystem", "KundenWebSystem\KundenWebSystem.csproj", "{3877A2E5-31A9-445D-A47B-2681341709B9}"
EndProject
Global
	GlobalSection(SolutionConfigurationPlatforms) = preSolution
		Debug|Any CPU = Debug|Any CPU
		Release|Any CPU = Release|Any CPU
	EndGlobalSection
	GlobalSection(ProjectConfigurationPlatforms) = postSolution
		{A2DF34F3-B683-4D3C-9C03-E19271EC5ACC}.Debug|Any CPU.ActiveCfg = Debug|Any CPU
		{A2DF34F3-B683-4D3C-9C03-E19271EC5ACC}.Debug|Any CPU.Build.0 = Debug|Any CPU
		{A2DF34F3-B683-4D3C-9C03-E19271EC5ACC}.Release|Any CPU.ActiveCfg = Release|Any CPU
		{A2DF34F3-B683-4D3C-9C03-E19271EC5ACC}.Release|Any CPU.Build.0 = Release|Any CPU
		{3877A2E5-31A9-445D-A47B-2681341709B9}.Debug|Any CPU.ActiveCfg = Debug|Any CPU
		{3877A2E5-31A9-445D-A47B-2681341709B9}.Debug|Any CPU.Build.0 = Debug|Any CPU
		{3877A2E5-31A9-445D-A47B-2681341709B9}.Release|Any CPU.ActiveCfg = Release|Any CPU
		{3877A2E5-31A9-445D-A47B-2681341709B9}.Release|Any CPU.Build.0 = Release|Any CPU
	EndGlobalSection
	GlobalSection(SolutionProperties) = preSolution
		HideSolutionNode = FALSE
	EndGlobalSection
	GlobalSection(ExtensibilityGlobals) = postSolution
		SolutionGuid = {3B678908-5453-48E9-947B-E5D68CFDBF0E}
	EndGlobalSection
EndGlobal
